# THIS IS AN AUTOGENERATED FILE. DO NOT EDIT THIS FILE DIRECTLY.
# yarn lockfile v1


"@playwright/test@^1.50.1":
  version "1.50.1"
  resolved "https://registry.yarnpkg.com/@playwright/test/-/test-1.50.1.tgz#027d00ca77ec79688764eb765cfe9a688807bf0b"
  integrity sha512-Jii3aBg+CEDpgnuDxEp/h7BimHcUTDlpEtce89xEumlJ5ef2hqepZ+PWp1DDpYC/VO9fmWVI1IlEaoI5fK9FXQ==
  dependencies:
    playwright "1.50.1"

"@types/node@^22.13.5":
  version "22.13.5"
  resolved "https://registry.yarnpkg.com/@types/node/-/node-22.13.5.tgz#23add1d71acddab2c6a4d31db89c0f98d330b511"
  integrity sha512-+lTU0PxZXn0Dr1NBtC7Y8cR21AJr87dLLU953CWA6pMxxv/UDc7jYAY90upcrie1nRcD6XNG5HOYEDtgW5TxAg==
  dependencies:
    undici-types "~6.20.0"

abbrev@1:
  version "1.1.1"
  resolved "https://registry.yarnpkg.com/abbrev/-/abbrev-1.1.1.tgz#f8f2c887ad10bf67f634f005b6987fed3179aac8"
  integrity sha512-nne9/IiQ/hzIhY6pdDnbBtz7DjPTKrY00P/zvPSm5pOFkl6xuGrGnXn/VtTNNfNtAfZ9/1RtehkszU9qcTii0Q==

config-chain@~1.1.5:
  version "1.1.13"
  resolved "https://registry.yarnpkg.com/config-chain/-/config-chain-1.1.13.tgz#fad0795aa6a6cdaff9ed1b68e9dff94372c232f4"
  integrity sha512-qj+f8APARXHrM0hraqXYb2/bOVSV4PvJQlNZ/DVj0QrmNM2q2euizkeuVckQ57J+W0mRH6Hvi+k50M4Jul2VRQ==
  dependencies:
    ini "^1.3.4"
    proto-list "~1.2.1"

fsevents@2.3.2:
  version "2.3.2"
  resolved "https://registry.yarnpkg.com/fsevents/-/fsevents-2.3.2.tgz#8a526f78b8fdf4623b709e0b975c52c24c02fd1a"
  integrity sha512-xiqMQR4xAeHTuB9uWm+fFRcIOgKBMiOBP+eXiyT7jsgVCq1bkVygt00oASowB7EdtpOHaaPgKt812P9ab+DDKA==

ini@^1.3.4:
  version "1.3.8"
  resolved "https://registry.yarnpkg.com/ini/-/ini-1.3.8.tgz#a29da425b48806f34767a4efce397269af28432c"
  integrity sha512-JV/yugV2uzW5iMRSiZAyDtQd+nxtUnjeLt0acNdw98kKLrvuRVyB80tsREOE7yvGVgalhZ6RNXCmEHkUKBKxew==

js-prettify@~1.4.0:
  version "1.4.0"
  resolved "https://registry.yarnpkg.com/js-prettify/-/js-prettify-1.4.0.tgz#f66fdf59f397e9e0937cb16a5a237346335e7eb3"
  integrity sha512-TO5egXaoaGUZCSp5fMHzwJVjgHk9ouO9HWcoVzK+TdI08YixFY1zjfId+nAFhop2Kx3qO6hl4HPKOACfU/beRA==
  dependencies:
    config-chain "~1.1.5"
    mkdirp "0.3.5"
    nopt "~2.1.1"

lodash@~1.3.1:
  version "1.3.1"
  resolved "https://registry.yarnpkg.com/lodash/-/lodash-1.3.1.tgz#a4663b53686b895ff074e2ba504dfb76a8e2b770"
  integrity sha512-F7AB8u+6d00CCgnbjWzq9fFLpzOMCgq6mPjOW4+8+dYbrnc0obRrC+IHctzfZ1KKTQxX0xo/punrlpOWcf4gpw==

mkdirp@0.3.5:
  version "0.3.5"
  resolved "https://registry.yarnpkg.com/mkdirp/-/mkdirp-0.3.5.tgz#de3e5f8961c88c787ee1368df849ac4413eca8d7"
  integrity sha512-8OCq0De/h9ZxseqzCH8Kw/Filf5pF/vMI6+BH7Lu0jXz2pqYCjTAQRolSxRIi+Ax+oCCjlxoJMP0YQ4XlrQNHg==

nopt@~2.1.1:
  version "2.1.2"
  resolved "https://registry.yarnpkg.com/nopt/-/nopt-2.1.2.tgz#6cccd977b80132a07731d6e8ce58c2c8303cf9af"
  integrity sha512-x8vXm7BZ2jE1Txrxh/hO74HTuYZQEbo8edoRcANgdZ4+PCV+pbjd/xdummkmjjC7LU5EjPzlu8zEq/oxWylnKA==
  dependencies:
    abbrev "1"

playwright-core@1.50.1:
  version "1.50.1"
  resolved "https://registry.yarnpkg.com/playwright-core/-/playwright-core-1.50.1.tgz#6a0484f1f1c939168f40f0ab3828c4a1592c4504"
  integrity sha512-ra9fsNWayuYumt+NiM069M6OkcRb1FZSK8bgi66AtpFoWkg2+y0bJSNmkFrWhMbEBbVKC/EruAHH3g0zmtwGmQ==

playwright@1.50.1:
  version "1.50.1"
  resolved "https://registry.yarnpkg.com/playwright/-/playwright-1.50.1.tgz#2f93216511d65404f676395bfb97b41aa052b180"
  integrity sha512-G8rwsOQJ63XG6BbKj2w5rHeavFjy5zynBA9zsJMMtBoe/Uf757oG12NXz6e6OirF7RCrTVAKFXbLmn1RbL7Qaw==
  dependencies:
    playwright-core "1.50.1"
  optionalDependencies:
    fsevents "2.3.2"

prettier@^3.6.2:
  version "3.6.2"
  resolved "https://registry.yarnpkg.com/prettier/-/prettier-3.6.2.tgz#ccda02a1003ebbb2bfda6f83a074978f608b9393"
  integrity sha512-I7AIg5boAr5R0FFtJ6rCfD+LFsWHp81dolrFD8S79U9tb8Az2nGrJncnMSnys+bpQJfRUzqs9hnA81OAA3hCuQ==

prettify@^0.1.7:
  version "0.1.7"
  resolved "https://registry.yarnpkg.com/prettify/-/prettify-0.1.7.tgz#e1d1e4a1a0a42f476d72a0c5b18580801fe29643"
  integrity sha512-QqshRIzghly4SYi7U6eaCbwT9wkRQ4vPAziGlNgnYKOn/pgxrP+yigOrvvBknpgX+xD4Mhh8h2h+BpF2ptU+SA==
  dependencies:
    js-prettify "~1.4.0"
    lodash "~1.3.1"

proto-list@~1.2.1:
  version "1.2.4"
  resolved "https://registry.yarnpkg.com/proto-list/-/proto-list-1.2.4.tgz#212d5bfe1318306a420f6402b8e26ff39647a849"
  integrity sha512-vtK/94akxsTMhe0/cbfpR+syPuszcuwhqVjJq26CuNDgFGj682oRBXOP5MJpv2r7JtE8MsiepGIqvvOTBwn2vA==

undici-types@~6.20.0:
  version "6.20.0"
  resolved "https://registry.yarnpkg.com/undici-types/-/undici-types-6.20.0.tgz#8171bf22c1f588d1554d55bf204bc624af388433"
  integrity sha512-Ny6QZ2Nju20vw1SRHe3d9jVu6gJ+4e3+MMpqu7pqE5HT6WsTSlce++GQmK5UXS8mzV8DSYHrQH+Xrf2jVcuKNg==
